
Microsoft Visual Studio Solution File, Format Version 12.00
# Visual Studio Version 17
VisualStudioVersion = 17.0.32014.148
MinimumVisualStudioVersion = 10.0.40219.1
Project("{FAE04EC0-301F-11D3-BF4B-00C04F79EFBC}") = "Insersion-Sort-V1", "Insersion-Sort-V1\Insersion-Sort-V1.csproj", "{FB953207-7F83-4D7B-953A-AD08CF197C58}"
EndProject
Global
	GlobalSection(SolutionConfigurationPlatforms) = preSolution
		Debug|Any CPU = Debug|Any CPU
		Release|Any CPU = Release|Any CPU
	EndGlobalSection
	GlobalSection(ProjectConfigurationPlatforms) = postSolution
		{FB953207-7F83-4D7B-953A-AD08CF197C58}.Debug|Any CPU.ActiveCfg = Debug|Any CPU
		{FB953207-7F83-4D7B-953A-AD08CF197C58}.Debug|Any CPU.Build.0 = Debug|Any CPU
		{FB953207-7F83-4D7B-953A-AD08CF197C58}.Release|Any CPU.ActiveCfg = Release|Any CPU
		{FB953207-7F83-4D7B-953A-AD08CF197C58}.Release|Any CPU.Build.0 = Release|Any CPU
	EndGlobalSection
	GlobalSection(SolutionProperties) = preSolution
		HideSolutionNode = FALSE
	EndGlobalSection
	GlobalSection(ExtensibilityGlobals) = postSolution
		SolutionGuid = {C8A0EF87-A457-42F2-99EA-0DD9AC02BE58}
	EndGlobalSection
EndGlobal
